
Microsoft Visual Studio Solution File, Format Version 12.00
# Visual Studio 15
VisualStudioVersion = 15.0.28307.489
MinimumVisualStudioVersion = 10.0.40219.1
Project("{FAE04EC0-301F-11D3-BF4B-00C04F79EFBC}") = "WcfAss", "WcfAss\WcfAss.csproj", "{FD4AE1EE-2181-473B-861F-93531AF98833}"
EndProject
Project("{FAE04EC0-301F-11D3-BF4B-00C04F79EFBC}") = "ConsumingServices", "ConsumingServices\ConsumingServices.csproj", "{18C166AD-C905-4FAD-9D41-65B7C2FB21AF}"
	ProjectSection(ProjectDependencies) = postProject
		{FD4AE1EE-2181-473B-861F-93531AF98833} = {FD4AE1EE-2181-473B-861F-93531AF98833}
	EndProjectSection
EndProject
Global
	GlobalSection(SolutionConfigurationPlatforms) = preSolution
		Debug|Any CPU = Debug|Any CPU
		Release|Any CPU = Release|Any CPU
	EndGlobalSection
	GlobalSection(ProjectConfigurationPlatforms) = postSolution
		{FD4AE1EE-2181-473B-861F-93531AF98833}.Debug|Any CPU.ActiveCfg = Debug|Any CPU
		{FD4AE1EE-2181-473B-861F-93531AF98833}.Debug|Any CPU.Build.0 = Debug|Any CPU
		{FD4AE1EE-2181-473B-861F-93531AF98833}.Release|Any CPU.ActiveCfg = Release|Any CPU
		{FD4AE1EE-2181-473B-861F-93531AF98833}.Release|Any CPU.Build.0 = Release|Any CPU
		{18C166AD-C905-4FAD-9D41-65B7C2FB21AF}.Debug|Any CPU.ActiveCfg = Debug|Any CPU
		{18C166AD-C905-4FAD-9D41-65B7C2FB21AF}.Debug|Any CPU.Build.0 = Debug|Any CPU
		{18C166AD-C905-4FAD-9D41-65B7C2FB21AF}.Release|Any CPU.ActiveCfg = Release|Any CPU
		{18C166AD-C905-4FAD-9D41-65B7C2FB21AF}.Release|Any CPU.Build.0 = Release|Any CPU
	EndGlobalSection
	GlobalSection(SolutionProperties) = preSolution
		HideSolutionNode = FALSE
	EndGlobalSection
	GlobalSection(ExtensibilityGlobals) = postSolution
		SolutionGuid = {76E718BC-EFB2-44B0-97F3-4A678706CA73}
	EndGlobalSection
EndGlobal
